
Microsoft Visual Studio Solution File, Format Version 11.00
# Visual Studio 2010
Project("{FAE04EC0-301F-11D3-BF4B-00C04F79EFBC}") = "AppHarborMongoDBDemo", "AppHarborMongoDBDemo\AppHarborMongoDBDemo.csproj", "{B3A8E70A-EB4F-45EA-B5F4-576A3E45C7A1}"
EndProject
Global
	GlobalSection(SolutionConfigurationPlatforms) = preSolution
		Debug|Any CPU = Debug|Any CPU
		Release|Any CPU = Release|Any CPU
	EndGlobalSection
	GlobalSection(ProjectConfigurationPlatforms) = postSolution
		{B3A8E70A-EB4F-45EA-B5F4-576A3E45C7A1}.Debug|Any CPU.ActiveCfg = Debug|Any CPU
		{B3A8E70A-EB4F-45EA-B5F4-576A3E45C7A1}.Debug|Any CPU.Build.0 = Debug|Any CPU
		{B3A8E70A-EB4F-45EA-B5F4-576A3E45C7A1}.Release|Any CPU.ActiveCfg = Release|Any CPU
		{B3A8E70A-EB4F-45EA-B5F4-576A3E45C7A1}.Release|Any CPU.Build.0 = Release|Any CPU
	EndGlobalSection
	GlobalSection(SolutionProperties) = preSolution
		HideSolutionNode = FALSE
	EndGlobalSection
EndGlobal
